// !$*UTF8*$!
{
	archiveVersion = 1;
	classes = {
	};
	objectVersion = 46;
	objects = {

/* Begin PBXBuildFile section */
		1F15140D1DA9E5F700F0CCF3 /* AddedMeVC.swift in Sources */ = {isa = PBXBuildFile; fileRef = 1F15140C1DA9E5F700F0CCF3 /* AddedMeVC.swift */; };
		1F15140F1DAA080000F0CCF3 /* SenderInfo.swift in Sources */ = {isa = PBXBuildFile; fileRef = 1F15140E1DAA080000F0CCF3 /* SenderInfo.swift */; };
		1F1514131DAB5E6000F0CCF3 /* FriendsVC.swift in Sources */ = {isa = PBXBuildFile; fileRef = 1F1514121DAB5E6000F0CCF3 /* FriendsVC.swift */; };
		1F1514151DAB688D00F0CCF3 /* FriendCell.swift in Sources */ = {isa = PBXBuildFile; fileRef = 1F1514141DAB688D00F0CCF3 /* FriendCell.swift */; };
		1F1514171DAB820600F0CCF3 /* FriendInfo.swift in Sources */ = {isa = PBXBuildFile; fileRef = 1F1514161DAB820600F0CCF3 /* FriendInfo.swift */; };
		1F1514191DAC563300F0CCF3 /* StoryCollectionCell.swift in Sources */ = {isa = PBXBuildFile; fileRef = 1F1514181DAC563300F0CCF3 /* StoryCollectionCell.swift */; };
		1F1722F81DA87634000F55F9 /* ChatVC.swift in Sources */ = {isa = PBXBuildFile; fileRef = 1F1722F71DA87634000F55F9 /* ChatVC.swift */; };
		1F1722FC1DA89517000F55F9 /* AddByUsernameVC.swift in Sources */ = {isa = PBXBuildFile; fileRef = 1F1722FB1DA89517000F55F9 /* AddByUsernameVC.swift */; };
		1F1722FE1DA8A83A000F55F9 /* AddFriendsVC.swift in Sources */ = {isa = PBXBuildFile; fileRef = 1F1722FD1DA8A83A000F55F9 /* AddFriendsVC.swift */; };
		1F1723041DA949C7000F55F9 /* Util.swift in Sources */ = {isa = PBXBuildFile; fileRef = 1F1723031DA949C7000F55F9 /* Util.swift */; };
		1F1723061DA9566B000F55F9 /* AcceptRequestCell.swift in Sources */ = {isa = PBXBuildFile; fileRef = 1F1723051DA9566B000F55F9 /* AcceptRequestCell.swift */; };
		1F2A87D11D8AC24100DA90B4 /* EditVC.swift in Sources */ = {isa = PBXBuildFile; fileRef = 1F2A87D01D8AC24100DA90B4 /* EditVC.swift */; };
		1F2A87D31D8CFDD600DA90B4 /* DiscoverCell.swift in Sources */ = {isa = PBXBuildFile; fileRef = 1F2A87D21D8CFDD600DA90B4 /* DiscoverCell.swift */; };
		1F2A87D71D8D6BDC00DA90B4 /* WebVC.swift in Sources */ = {isa = PBXBuildFile; fileRef = 1F2A87D61D8D6BDC00DA90B4 /* WebVC.swift */; };
		1F61142F1D86374800504735 /* UsersVC.swift in Sources */ = {isa = PBXBuildFile; fileRef = 1F61142E1D86374800504735 /* UsersVC.swift */; };
		1F6114311D86385D00504735 /* UserCell.swift in Sources */ = {isa = PBXBuildFile; fileRef = 1F6114301D86385D00504735 /* UserCell.swift */; };
		1F6114331D86808100504735 /* MainVC.swift in Sources */ = {isa = PBXBuildFile; fileRef = 1F6114321D86808100504735 /* MainVC.swift */; };
		1F61143A1D86836100504735 /* StoryVC.swift in Sources */ = {isa = PBXBuildFile; fileRef = 1F6114381D86836100504735 /* StoryVC.swift */; };
		1F6757B51D83A7CD00DA6701 /* AppDelegate.swift in Sources */ = {isa = PBXBuildFile; fileRef = 1F6757B41D83A7CD00DA6701 /* AppDelegate.swift */; };
		1F6757B71D83A7CD00DA6701 /* CameraVC.swift in Sources */ = {isa = PBXBuildFile; fileRef = 1F6757B61D83A7CD00DA6701 /* CameraVC.swift */; };
		1F6757BC1D83A7CD00DA6701 /* Assets.xcassets in Resources */ = {isa = PBXBuildFile; fileRef = 1F6757BB1D83A7CD00DA6701 /* Assets.xcassets */; };
		1F6757BF1D83A7CD00DA6701 /* LaunchScreen.storyboard in Resources */ = {isa = PBXBuildFile; fileRef = 1F6757BD1D83A7CD00DA6701 /* LaunchScreen.storyboard */; };
		1F6757D41D83DC7E00DA6701 /* GoogleService-Info.plist in Resources */ = {isa = PBXBuildFile; fileRef = 1F6757D31D83DC7E00DA6701 /* GoogleService-Info.plist */; };
		1F6757FC1D840D6D00DA6701 /* RoundTextField.swift in Sources */ = {isa = PBXBuildFile; fileRef = 1F6757FB1D840D6D00DA6701 /* RoundTextField.swift */; };
		1F6757FE1D84169000DA6701 /* RoundButton.swift in Sources */ = {isa = PBXBuildFile; fileRef = 1F6757FD1D84169000DA6701 /* RoundButton.swift */; };
		1F690F521DA50C75002CA867 /* ChatCell.swift in Sources */ = {isa = PBXBuildFile; fileRef = 1F690F511DA50C75002CA867 /* ChatCell.swift */; };
		1FA4B3441D90252200089438 /* Webdiscover.swift in Sources */ = {isa = PBXBuildFile; fileRef = 1FA4B3431D90252200089438 /* Webdiscover.swift */; };
		1FBB3B381D898718004C688C /* UserInfoVC.swift in Sources */ = {isa = PBXBuildFile; fileRef = 1FBB3B371D898718004C688C /* UserInfoVC.swift */; };
		1FBB3B3C1D898958004C688C /* DiscoverVC.swift in Sources */ = {isa = PBXBuildFile; fileRef = 1FBB3B3B1D898958004C688C /* DiscoverVC.swift */; };
		1FCA8B9D1D8E6EE2004E5F76 /* User.swift in Sources */ = {isa = PBXBuildFile; fileRef = 1FCA8B9C1D8E6EE2004E5F76 /* User.swift */; };
		1FCA8B9F1D8E794C004E5F76 /* User.storyboard in Resources */ = {isa = PBXBuildFile; fileRef = 1FCA8B9E1D8E794C004E5F76 /* User.storyboard */; };
		1FCA8BA31D8E8490004E5F76 /* Edit.storyboard in Resources */ = {isa = PBXBuildFile; fileRef = 1FCA8BA21D8E8490004E5F76 /* Edit.storyboard */; };
		1FCA8BA71D8E9A91004E5F76 /* website.csv in Resources */ = {isa = PBXBuildFile; fileRef = 1FCA8BA61D8E9A91004E5F76 /* website.csv */; };
		1FCA8BA91D8ED4DE004E5F76 /* csv.swift in Sources */ = {isa = PBXBuildFile; fileRef = 1FCA8BA81D8ED4DE004E5F76 /* csv.swift */; };
		1FD464511D9CA5CA00AF970A /* SendVC.swift in Sources */ = {isa = PBXBuildFile; fileRef = 1FD464501D9CA5CA00AF970A /* SendVC.swift */; };
		1FF928E91D892C0600DDD55D /* VerticalVC.swift in Sources */ = {isa = PBXBuildFile; fileRef = 1FF928E81D892C0600DDD55D /* VerticalVC.swift */; };
		C222F2071DA0C867008B019A /* AuthService.swift in Sources */ = {isa = PBXBuildFile; fileRef = C222F2061DA0C867008B019A /* AuthService.swift */; };
		C222F2091DA0C86D008B019A /* DataService.swift in Sources */ = {isa = PBXBuildFile; fileRef = C222F2081DA0C86D008B019A /* DataService.swift */; };
		C222F20B1DA0C87E008B019A /* SignupVC.swift in Sources */ = {isa = PBXBuildFile; fileRef = C222F20A1DA0C87E008B019A /* SignupVC.swift */; };
		C222F20D1DA0C8A9008B019A /* Main.storyboard in Resources */ = {isa = PBXBuildFile; fileRef = C222F20C1DA0C8A9008B019A /* Main.storyboard */; };
		C222F20F1DA0CA87008B019A /* LoginVC.swift in Sources */ = {isa = PBXBuildFile; fileRef = C222F20E1DA0CA87008B019A /* LoginVC.swift */; };
		C2707A711DAA3C1D007C53BA /* ContactCell.swift in Sources */ = {isa = PBXBuildFile; fileRef = C2707A701DAA3C1D007C53BA /* ContactCell.swift */; };
		C27A22BC1DAA07A100B02938 /* AddByContactVC.swift in Sources */ = {isa = PBXBuildFile; fileRef = C27A22BB1DAA07A100B02938 /* AddByContactVC.swift */; };
		C2E3B2301D97C5EF00570A6B /* UserInfo.swift in Sources */ = {isa = PBXBuildFile; fileRef = C2E3B22F1D97C5EF00570A6B /* UserInfo.swift */; };
		C2EB3DEB1D9E293500BEE0BC /* Memory.swift in Sources */ = {isa = PBXBuildFile; fileRef = C2EB3DEA1D9E293500BEE0BC /* Memory.swift */; };
		C2EB3DEE1D9E2ACE00BEE0BC /* Model.xcdatamodeld in Sources */ = {isa = PBXBuildFile; fileRef = C2EB3DEC1D9E2ACE00BEE0BC /* Model.xcdatamodeld */; };
		C2EB3DF21D9E322400BEE0BC /* CoreData.framework in Frameworks */ = {isa = PBXBuildFile; fileRef = C2EB3DF11D9E322400BEE0BC /* CoreData.framework */; };
		C2F03DA01D9E7B57009CF578 /* Item+CoreDataClass.swift in Sources */ = {isa = PBXBuildFile; fileRef = C2F03D9E1D9E7B57009CF578 /* Item+CoreDataClass.swift */; };
		C2F03DA11D9E7B57009CF578 /* Item+CoreDataProperties.swift in Sources */ = {isa = PBXBuildFile; fileRef = C2F03D9F1D9E7B57009CF578 /* Item+CoreDataProperties.swift */; };
		C2F03DA31D9E7C11009CF578 /* CollectionViewCell.swift in Sources */ = {isa = PBXBuildFile; fileRef = C2F03DA21D9E7C11009CF578 /* CollectionViewCell.swift */; };
		C2F03DA51D9E89D1009CF578 /* AddVC.swift in Sources */ = {isa = PBXBuildFile; fileRef = C2F03DA41D9E89D1009CF578 /* AddVC.swift */; };
		D514B09D01917B7C4BE282B2 /* Pods_SocialChat.framework in Frameworks */ = {isa = PBXBuildFile; fileRef = BB1189C56003754A9EC580E7 /* Pods_SocialChat.framework */; };
/* End PBXBuildFile section */

/* Begin PBXFileReference section */
		0B70BADA4323BF8C9DA136B6 /* Pods-SocialChat.debug.xcconfig */ = {isa = PBXFileReference; includeInIndex = 1; lastKnownFileType = text.xcconfig; name = "Pods-SocialChat.debug.xcconfig"; path = "Pods/Target Support Files/Pods-SocialChat/Pods-SocialChat.debug.xcconfig"; sourceTree = "<group>"; };
		1F15140C1DA9E5F700F0CCF3 /* AddedMeVC.swift */ = {isa = PBXFileReference; fileEncoding = 4; lastKnownFileType = sourcecode.swift; path = AddedMeVC.swift; sourceTree = "<group>"; };
		1F15140E1DAA080000F0CCF3 /* SenderInfo.swift */ = {isa = PBXFileReference; fileEncoding = 4; lastKnownFileType = sourcecode.swift; path = SenderInfo.swift; sourceTree = "<group>"; };
		1F1514121DAB5E6000F0CCF3 /* FriendsVC.swift */ = {isa = PBXFileReference; fileEncoding = 4; lastKnownFileType = sourcecode.swift; path = FriendsVC.swift; sourceTree = "<group>"; };
		1F1514141DAB688D00F0CCF3 /* FriendCell.swift */ = {isa = PBXFileReference; fileEncoding = 4; lastKnownFileType = sourcecode.swift; path = FriendCell.swift; sourceTree = "<group>"; };
		1F1514161DAB820600F0CCF3 /* FriendInfo.swift */ = {isa = PBXFileReference; fileEncoding = 4; lastKnownFileType = sourcecode.swift; path = FriendInfo.swift; sourceTree = "<group>"; };
		1F1514181DAC563300F0CCF3 /* StoryCollectionCell.swift */ = {isa = PBXFileReference; fileEncoding = 4; lastKnownFileType = sourcecode.swift; path = StoryCollectionCell.swift; sourceTree = "<group>"; };
		1F1722F71DA87634000F55F9 /* ChatVC.swift */ = {isa = PBXFileReference; fileEncoding = 4; lastKnownFileType = sourcecode.swift; path = ChatVC.swift; sourceTree = "<group>"; };
		1F1722FB1DA89517000F55F9 /* AddByUsernameVC.swift */ = {isa = PBXFileReference; fileEncoding = 4; lastKnownFileType = sourcecode.swift; path = AddByUsernameVC.swift; sourceTree = "<group>"; };
		1F1722FD1DA8A83A000F55F9 /* AddFriendsVC.swift */ = {isa = PBXFileReference; fileEncoding = 4; lastKnownFileType = sourcecode.swift; path = AddFriendsVC.swift; sourceTree = "<group>"; };
		1F1723031DA949C7000F55F9 /* Util.swift */ = {isa = PBXFileReference; fileEncoding = 4; lastKnownFileType = sourcecode.swift; path = Util.swift; sourceTree = "<group>"; };
		1F1723051DA9566B000F55F9 /* AcceptRequestCell.swift */ = {isa = PBXFileReference; fileEncoding = 4; lastKnownFileType = sourcecode.swift; path = AcceptRequestCell.swift; sourceTree = "<group>"; };
		1F2A87D01D8AC24100DA90B4 /* EditVC.swift */ = {isa = PBXFileReference; fileEncoding = 4; lastKnownFileType = sourcecode.swift; path = EditVC.swift; sourceTree = "<group>"; };
		1F2A87D21D8CFDD600DA90B4 /* DiscoverCell.swift */ = {isa = PBXFileReference; fileEncoding = 4; lastKnownFileType = sourcecode.swift; path = DiscoverCell.swift; sourceTree = "<group>"; };
		1F2A87D61D8D6BDC00DA90B4 /* WebVC.swift */ = {isa = PBXFileReference; fileEncoding = 4; lastKnownFileType = sourcecode.swift; path = WebVC.swift; sourceTree = "<group>"; };
		1F61142E1D86374800504735 /* UsersVC.swift */ = {isa = PBXFileReference; fileEncoding = 4; lastKnownFileType = sourcecode.swift; path = UsersVC.swift; sourceTree = "<group>"; };
		1F6114301D86385D00504735 /* UserCell.swift */ = {isa = PBXFileReference; fileEncoding = 4; lastKnownFileType = sourcecode.swift; path = UserCell.swift; sourceTree = "<group>"; };
		1F6114321D86808100504735 /* MainVC.swift */ = {isa = PBXFileReference; fileEncoding = 4; lastKnownFileType = sourcecode.swift; path = MainVC.swift; sourceTree = "<group>"; };
		1F6114381D86836100504735 /* StoryVC.swift */ = {isa = PBXFileReference; fileEncoding = 4; lastKnownFileType = sourcecode.swift; path = StoryVC.swift; sourceTree = "<group>"; };
		1F6757B11D83A7CD00DA6701 /* SocialChat.app */ = {isa = PBXFileReference; explicitFileType = wrapper.application; includeInIndex = 0; path = SocialChat.app; sourceTree = BUILT_PRODUCTS_DIR; };
		1F6757B41D83A7CD00DA6701 /* AppDelegate.swift */ = {isa = PBXFileReference; lastKnownFileType = sourcecode.swift; path = AppDelegate.swift; sourceTree = "<group>"; };
		1F6757B61D83A7CD00DA6701 /* CameraVC.swift */ = {isa = PBXFileReference; lastKnownFileType = sourcecode.swift; path = CameraVC.swift; sourceTree = "<group>"; };
		1F6757BB1D83A7CD00DA6701 /* Assets.xcassets */ = {isa = PBXFileReference; lastKnownFileType = folder.assetcatalog; path = Assets.xcassets; sourceTree = "<group>"; };
		1F6757BE1D83A7CD00DA6701 /* Base */ = {isa = PBXFileReference; lastKnownFileType = file.storyboard; name = Base; path = Base.lproj/LaunchScreen.storyboard; sourceTree = "<group>"; };
		1F6757C01D83A7CD00DA6701 /* Info.plist */ = {isa = PBXFileReference; lastKnownFileType = text.plist.xml; path = Info.plist; sourceTree = "<group>"; };
		1F6757D31D83DC7E00DA6701 /* GoogleService-Info.plist */ = {isa = PBXFileReference; fileEncoding = 4; lastKnownFileType = text.plist.xml; path = "GoogleService-Info.plist"; sourceTree = "<group>"; };
		1F6757FB1D840D6D00DA6701 /* RoundTextField.swift */ = {isa = PBXFileReference; fileEncoding = 4; lastKnownFileType = sourcecode.swift; path = RoundTextField.swift; sourceTree = "<group>"; };
		1F6757FD1D84169000DA6701 /* RoundButton.swift */ = {isa = PBXFileReference; fileEncoding = 4; lastKnownFileType = sourcecode.swift; path = RoundButton.swift; sourceTree = "<group>"; };
		1F690F511DA50C75002CA867 /* ChatCell.swift */ = {isa = PBXFileReference; fileEncoding = 4; lastKnownFileType = sourcecode.swift; path = ChatCell.swift; sourceTree = "<group>"; };
		1FA4B3431D90252200089438 /* Webdiscover.swift */ = {isa = PBXFileReference; fileEncoding = 4; lastKnownFileType = sourcecode.swift; path = Webdiscover.swift; sourceTree = "<group>"; };
		1FBB3B371D898718004C688C /* UserInfoVC.swift */ = {isa = PBXFileReference; fileEncoding = 4; lastKnownFileType = sourcecode.swift; path = UserInfoVC.swift; sourceTree = "<group>"; };
		1FBB3B3B1D898958004C688C /* DiscoverVC.swift */ = {isa = PBXFileReference; fileEncoding = 4; lastKnownFileType = sourcecode.swift; path = DiscoverVC.swift; sourceTree = "<group>"; };
		1FCA8B9C1D8E6EE2004E5F76 /* User.swift */ = {isa = PBXFileReference; fileEncoding = 4; lastKnownFileType = sourcecode.swift; path = User.swift; sourceTree = "<group>"; };
		1FCA8B9E1D8E794C004E5F76 /* User.storyboard */ = {isa = PBXFileReference; fileEncoding = 4; lastKnownFileType = file.storyboard; path = User.storyboard; sourceTree = "<group>"; };
		1FCA8BA21D8E8490004E5F76 /* Edit.storyboard */ = {isa = PBXFileReference; fileEncoding = 4; lastKnownFileType = file.storyboard; path = Edit.storyboard; sourceTree = "<group>"; };
		1FCA8BA61D8E9A91004E5F76 /* website.csv */ = {isa = PBXFileReference; fileEncoding = 4; lastKnownFileType = text; path = website.csv; sourceTree = "<group>"; };
		1FCA8BA81D8ED4DE004E5F76 /* csv.swift */ = {isa = PBXFileReference; fileEncoding = 4; lastKnownFileType = sourcecode.swift; path = csv.swift; sourceTree = "<group>"; };
		1FD464501D9CA5CA00AF970A /* SendVC.swift */ = {isa = PBXFileReference; fileEncoding = 4; lastKnownFileType = sourcecode.swift; path = SendVC.swift; sourceTree = "<group>"; };
		1FF928E81D892C0600DDD55D /* VerticalVC.swift */ = {isa = PBXFileReference; fileEncoding = 4; lastKnownFileType = sourcecode.swift; path = VerticalVC.swift; sourceTree = "<group>"; };
		B5DCD28D5618FC931F667A30 /* Pods-SocialChat.release.xcconfig */ = {isa = PBXFileReference; includeInIndex = 1; lastKnownFileType = text.xcconfig; name = "Pods-SocialChat.release.xcconfig"; path = "Pods/Target Support Files/Pods-SocialChat/Pods-SocialChat.release.xcconfig"; sourceTree = "<group>"; };
		BB1189C56003754A9EC580E7 /* Pods_SocialChat.framework */ = {isa = PBXFileReference; explicitFileType = wrapper.framework; includeInIndex = 0; path = Pods_SocialChat.framework; sourceTree = BUILT_PRODUCTS_DIR; };
		C222F2061DA0C867008B019A /* AuthService.swift */ = {isa = PBXFileReference; fileEncoding = 4; lastKnownFileType = sourcecode.swift; path = AuthService.swift; sourceTree = "<group>"; };
		C222F2081DA0C86D008B019A /* DataService.swift */ = {isa = PBXFileReference; fileEncoding = 4; lastKnownFileType = sourcecode.swift; path = DataService.swift; sourceTree = "<group>"; };
		C222F20A1DA0C87E008B019A /* SignupVC.swift */ = {isa = PBXFileReference; fileEncoding = 4; lastKnownFileType = sourcecode.swift; path = SignupVC.swift; sourceTree = "<group>"; };
		C222F20C1DA0C8A9008B019A /* Main.storyboard */ = {isa = PBXFileReference; fileEncoding = 4; lastKnownFileType = file.storyboard; path = Main.storyboard; sourceTree = "<group>"; };
		C222F20E1DA0CA87008B019A /* LoginVC.swift */ = {isa = PBXFileReference; fileEncoding = 4; lastKnownFileType = sourcecode.swift; path = LoginVC.swift; sourceTree = "<group>"; };
		C2707A701DAA3C1D007C53BA /* ContactCell.swift */ = {isa = PBXFileReference; fileEncoding = 4; lastKnownFileType = sourcecode.swift; path = ContactCell.swift; sourceTree = "<group>"; };
		C27A22BB1DAA07A100B02938 /* AddByContactVC.swift */ = {isa = PBXFileReference; fileEncoding = 4; lastKnownFileType = sourcecode.swift; path = AddByContactVC.swift; sourceTree = "<group>"; };
		C2E3B22F1D97C5EF00570A6B /* UserInfo.swift */ = {isa = PBXFileReference; fileEncoding = 4; lastKnownFileType = sourcecode.swift; path = UserInfo.swift; sourceTree = "<group>"; };
		C2EB3DEA1D9E293500BEE0BC /* Memory.swift */ = {isa = PBXFileReference; fileEncoding = 4; lastKnownFileType = sourcecode.swift; path = Memory.swift; sourceTree = "<group>"; };
		C2EB3DED1D9E2ACE00BEE0BC /* Model.xcdatamodel */ = {isa = PBXFileReference; lastKnownFileType = wrapper.xcdatamodel; path = Model.xcdatamodel; sourceTree = "<group>"; };
		C2EB3DF11D9E322400BEE0BC /* CoreData.framework */ = {isa = PBXFileReference; lastKnownFileType = wrapper.framework; name = CoreData.framework; path = System/Library/Frameworks/CoreData.framework; sourceTree = SDKROOT; };
		C2F03D9E1D9E7B57009CF578 /* Item+CoreDataClass.swift */ = {isa = PBXFileReference; fileEncoding = 4; lastKnownFileType = sourcecode.swift; path = "Item+CoreDataClass.swift"; sourceTree = "<group>"; };
		C2F03D9F1D9E7B57009CF578 /* Item+CoreDataProperties.swift */ = {isa = PBXFileReference; fileEncoding = 4; lastKnownFileType = sourcecode.swift; path = "Item+CoreDataProperties.swift"; sourceTree = "<group>"; };
		C2F03DA21D9E7C11009CF578 /* CollectionViewCell.swift */ = {isa = PBXFileReference; fileEncoding = 4; lastKnownFileType = sourcecode.swift; path = CollectionViewCell.swift; sourceTree = "<group>"; };
		C2F03DA41D9E89D1009CF578 /* AddVC.swift */ = {isa = PBXFileReference; fileEncoding = 4; lastKnownFileType = sourcecode.swift; path = AddVC.swift; sourceTree = "<group>"; };
/* End PBXFileReference section */

/* Begin PBXFrameworksBuildPhase section */
		1F6757AE1D83A7CD00DA6701 /* Frameworks */ = {
			isa = PBXFrameworksBuildPhase;
			buildActionMask = 2147483647;
			files = (
				C2EB3DF21D9E322400BEE0BC /* CoreData.framework in Frameworks */,
				D514B09D01917B7C4BE282B2 /* Pods_SocialChat.framework in Frameworks */,
			);
			runOnlyForDeploymentPostprocessing = 0;
		};
/* End PBXFrameworksBuildPhase section */

/* Begin PBXGroup section */
		1F6757A81D83A7CD00DA6701 = {
			isa = PBXGroup;
			children = (
				1F6757B31D83A7CD00DA6701 /* SocialChat */,
				1F6757B21D83A7CD00DA6701 /* Products */,
				E523E6BB495237758DB46BEA /* Pods */,
				BCAA695AA9EADE6C0F3DB985 /* Frameworks */,
			);
			sourceTree = "<group>";
		};
		1F6757B21D83A7CD00DA6701 /* Products */ = {
			isa = PBXGroup;
			children = (
				1F6757B11D83A7CD00DA6701 /* SocialChat.app */,
			);
			name = Products;
			sourceTree = "<group>";
		};
		1F6757B31D83A7CD00DA6701 /* SocialChat */ = {
			isa = PBXGroup;
			children = (
				C2F03D9D1D9E7B44009CF578 /* Model */,
				1F6758011D8433E000DA6701 /* Services */,
				1F6757CE1D83A9A300DA6701 /* Controller */,
				1F6757CD1D83A98900DA6701 /* View */,
				1FCA8BA41D8E849C004E5F76 /* storyboard */,
				1F6757BB1D83A7CD00DA6701 /* Assets.xcassets */,
				1FCA8BAA1D8ED953004E5F76 /* util */,
				1F6757BD1D83A7CD00DA6701 /* LaunchScreen.storyboard */,
				1FCA8BA61D8E9A91004E5F76 /* website.csv */,
				1F6757B41D83A7CD00DA6701 /* AppDelegate.swift */,
				1F6757C01D83A7CD00DA6701 /* Info.plist */,
				1F6757D31D83DC7E00DA6701 /* GoogleService-Info.plist */,
				C2EB3DEC1D9E2ACE00BEE0BC /* Model.xcdatamodeld */,
			);
			path = SocialChat;
			sourceTree = "<group>";
		};
		1F6757CD1D83A98900DA6701 /* View */ = {
			isa = PBXGroup;
			children = (
				1F6757FB1D840D6D00DA6701 /* RoundTextField.swift */,
				1F2A87D21D8CFDD600DA90B4 /* DiscoverCell.swift */,
				1F6757FD1D84169000DA6701 /* RoundButton.swift */,
				1F1723051DA9566B000F55F9 /* AcceptRequestCell.swift */,
				1F1514141DAB688D00F0CCF3 /* FriendCell.swift */,
				1F1514181DAC563300F0CCF3 /* StoryCollectionCell.swift */,
				1F6114301D86385D00504735 /* UserCell.swift */,
				1F690F511DA50C75002CA867 /* ChatCell.swift */,
				C2F03DA21D9E7C11009CF578 /* CollectionViewCell.swift */,
				C2707A701DAA3C1D007C53BA /* ContactCell.swift */,
			);
			name = View;
			sourceTree = "<group>";
		};
		1F6757CE1D83A9A300DA6701 /* Controller */ = {
			isa = PBXGroup;
			children = (
				1FCA8BA51D8E85E6004E5F76 /* MainControllers */,
				1FCA8BA01D8E79CC004E5F76 /* UserController */,
				1FCA8BA11D8E7A04004E5F76 /* EditController */,
			);
			name = Controller;
			sourceTree = "<group>";
		};
		1F6758011D8433E000DA6701 /* Services */ = {
			isa = PBXGroup;
			children = (
				C222F2061DA0C867008B019A /* AuthService.swift */,
				C222F2081DA0C86D008B019A /* DataService.swift */,
			);
			name = Services;
			sourceTree = "<group>";
		};
		1FCA8BA01D8E79CC004E5F76 /* UserController */ = {
			isa = PBXGroup;
			children = (
				C2E3B22F1D97C5EF00570A6B /* UserInfo.swift */,
				1F15140C1DA9E5F700F0CCF3 /* AddedMeVC.swift */,
				1FBB3B371D898718004C688C /* UserInfoVC.swift */,
				1F1722FB1DA89517000F55F9 /* AddByUsernameVC.swift */,
				1F1722FD1DA8A83A000F55F9 /* AddFriendsVC.swift */,
				C27A22BB1DAA07A100B02938 /* AddByContactVC.swift */,
			);
			name = UserController;
			sourceTree = "<group>";
		};
		1FCA8BA11D8E7A04004E5F76 /* EditController */ = {
			isa = PBXGroup;
			children = (
				1F2A87D01D8AC24100DA90B4 /* EditVC.swift */,
				C2EB3DEA1D9E293500BEE0BC /* Memory.swift */,
				C2F03DA41D9E89D1009CF578 /* AddVC.swift */,
			);
			name = EditController;
			sourceTree = "<group>";
		};
		1FCA8BA41D8E849C004E5F76 /* storyboard */ = {
			isa = PBXGroup;
			children = (
				C222F20C1DA0C8A9008B019A /* Main.storyboard */,
				1FCA8BA21D8E8490004E5F76 /* Edit.storyboard */,
				1FCA8B9E1D8E794C004E5F76 /* User.storyboard */,
			);
			name = storyboard;
			sourceTree = "<group>";
		};
		1FCA8BA51D8E85E6004E5F76 /* MainControllers */ = {
			isa = PBXGroup;
			children = (
				C222F20E1DA0CA87008B019A /* LoginVC.swift */,
				C222F20A1DA0C87E008B019A /* SignupVC.swift */,
				1F6114321D86808100504735 /* MainVC.swift */,
				1FF928E81D892C0600DDD55D /* VerticalVC.swift */,
				1F6757B61D83A7CD00DA6701 /* CameraVC.swift */,
				1F1722F71DA87634000F55F9 /* ChatVC.swift */,
				1FBB3B3B1D898958004C688C /* DiscoverVC.swift */,
				1F2A87D61D8D6BDC00DA90B4 /* WebVC.swift */,
				1F61142E1D86374800504735 /* UsersVC.swift */,
				1FD464501D9CA5CA00AF970A /* SendVC.swift */,
				1F6114381D86836100504735 /* StoryVC.swift */,
				1F1514121DAB5E6000F0CCF3 /* FriendsVC.swift */,
			);
			name = MainControllers;
			sourceTree = "<group>";
		};
		1FCA8BAA1D8ED953004E5F76 /* util */ = {
			isa = PBXGroup;
			children = (
				1FCA8B9C1D8E6EE2004E5F76 /* User.swift */,
				1FA4B3431D90252200089438 /* Webdiscover.swift */,
				1F15140E1DAA080000F0CCF3 /* SenderInfo.swift */,
				1F1514161DAB820600F0CCF3 /* FriendInfo.swift */,
				1FCA8BA81D8ED4DE004E5F76 /* csv.swift */,
				1F1723031DA949C7000F55F9 /* Util.swift */,
			);
			name = util;
			sourceTree = "<group>";
		};
		BCAA695AA9EADE6C0F3DB985 /* Frameworks */ = {
			isa = PBXGroup;
			children = (
				C2EB3DF11D9E322400BEE0BC /* CoreData.framework */,
				BB1189C56003754A9EC580E7 /* Pods_SocialChat.framework */,
			);
			name = Frameworks;
			sourceTree = "<group>";
		};
		C2F03D9D1D9E7B44009CF578 /* Model */ = {
			isa = PBXGroup;
			children = (
				C2F03D9E1D9E7B57009CF578 /* Item+CoreDataClass.swift */,
				C2F03D9F1D9E7B57009CF578 /* Item+CoreDataProperties.swift */,
			);
			name = Model;
			sourceTree = "<group>";
		};
		E523E6BB495237758DB46BEA /* Pods */ = {
			isa = PBXGroup;
			children = (
				0B70BADA4323BF8C9DA136B6 /* Pods-SocialChat.debug.xcconfig */,
				B5DCD28D5618FC931F667A30 /* Pods-SocialChat.release.xcconfig */,
			);
			name = Pods;
			sourceTree = "<group>";
		};
/* End PBXGroup section */

/* Begin PBXNativeTarget section */
		1F6757B01D83A7CD00DA6701 /* SocialChat */ = {
			isa = PBXNativeTarget;
			buildConfigurationList = 1F6757C31D83A7CD00DA6701 /* Build configuration list for PBXNativeTarget "SocialChat" */;
			buildPhases = (
				9B0B532EB829ACAC92DA54C7 /* [CP] Check Pods Manifest.lock */,
				1F6757AD1D83A7CD00DA6701 /* Sources */,
				1F6757AE1D83A7CD00DA6701 /* Frameworks */,
				1F6757AF1D83A7CD00DA6701 /* Resources */,
				6B3C5E5071F60DE20EF2A48E /* [CP] Embed Pods Frameworks */,
				B1B5934E0E02CA570649C45D /* [CP] Copy Pods Resources */,
			);
			buildRules = (
			);
			dependencies = (
			);
			name = SocialChat;
			productName = SocialChat;
			productReference = 1F6757B11D83A7CD00DA6701 /* SocialChat.app */;
			productType = "com.apple.product-type.application";
		};
/* End PBXNativeTarget section */

/* Begin PBXProject section */
		1F6757A91D83A7CD00DA6701 /* Project object */ = {
			isa = PBXProject;
			attributes = {
				LastSwiftUpdateCheck = 0800;
				LastUpgradeCheck = 0800;
				ORGANIZATIONNAME = "Social Media Coders";
				TargetAttributes = {
					1F6757B01D83A7CD00DA6701 = {
						CreatedOnToolsVersion = 8.0;
						DevelopmentTeam = XRYH9M2JN7;
						LastSwiftMigration = 0800;
						ProvisioningStyle = Automatic;
					};
				};
			};
			buildConfigurationList = 1F6757AC1D83A7CD00DA6701 /* Build configuration list for PBXProject "SocialChat" */;
			compatibilityVersion = "Xcode 3.2";
			developmentRegion = English;
			hasScannedForEncodings = 0;
			knownRegions = (
				en,
				Base,
			);
			mainGroup = 1F6757A81D83A7CD00DA6701;
			productRefGroup = 1F6757B21D83A7CD00DA6701 /* Products */;
			projectDirPath = "";
			projectRoot = "";
			targets = (
				1F6757B01D83A7CD00DA6701 /* SocialChat */,
			);
		};
/* End PBXProject section */

/* Begin PBXResourcesBuildPhase section */
		1F6757AF1D83A7CD00DA6701 /* Resources */ = {
			isa = PBXResourcesBuildPhase;
			buildActionMask = 2147483647;
			files = (
				C222F20D1DA0C8A9008B019A /* Main.storyboard in Resources */,
				1F6757BF1D83A7CD00DA6701 /* LaunchScreen.storyboard in Resources */,
				1FCA8B9F1D8E794C004E5F76 /* User.storyboard in Resources */,
				1F6757D41D83DC7E00DA6701 /* GoogleService-Info.plist in Resources */,
				1F6757BC1D83A7CD00DA6701 /* Assets.xcassets in Resources */,
				1FCA8BA31D8E8490004E5F76 /* Edit.storyboard in Resources */,
				1FCA8BA71D8E9A91004E5F76 /* website.csv in Resources */,
			);
			runOnlyForDeploymentPostprocessing = 0;
		};
/* End PBXResourcesBuildPhase section */

/* Begin PBXShellScriptBuildPhase section */
		6B3C5E5071F60DE20EF2A48E /* [CP] Embed Pods Frameworks */ = {
			isa = PBXShellScriptBuildPhase;
			buildActionMask = 2147483647;
			files = (
			);
			inputPaths = (
			);
			name = "[CP] Embed Pods Frameworks";
			outputPaths = (
			);
			runOnlyForDeploymentPostprocessing = 0;
			shellPath = /bin/sh;
			shellScript = "\"${SRCROOT}/Pods/Target Support Files/Pods-SocialChat/Pods-SocialChat-frameworks.sh\"\n";
			showEnvVarsInLog = 0;
		};
		9B0B532EB829ACAC92DA54C7 /* [CP] Check Pods Manifest.lock */ = {
			isa = PBXShellScriptBuildPhase;
			buildActionMask = 2147483647;
			files = (
			);
			inputPaths = (
			);
			name = "[CP] Check Pods Manifest.lock";
			outputPaths = (
			);
			runOnlyForDeploymentPostprocessing = 0;
			shellPath = /bin/sh;
			shellScript = "diff \"${PODS_ROOT}/../Podfile.lock\" \"${PODS_ROOT}/Manifest.lock\" > /dev/null\nif [[ $? != 0 ]] ; then\n    cat << EOM\nerror: The sandbox is not in sync with the Podfile.lock. Run 'pod install' or update your CocoaPods installation.\nEOM\n    exit 1\nfi\n";
			showEnvVarsInLog = 0;
		};
		B1B5934E0E02CA570649C45D /* [CP] Copy Pods Resources */ = {
			isa = PBXShellScriptBuildPhase;
			buildActionMask = 2147483647;
			files = (
			);
			inputPaths = (
			);
			name = "[CP] Copy Pods Resources";
			outputPaths = (
			);
			runOnlyForDeploymentPostprocessing = 0;
			shellPath = /bin/sh;
			shellScript = "\"${SRCROOT}/Pods/Target Support Files/Pods-SocialChat/Pods-SocialChat-resources.sh\"\n";
			showEnvVarsInLog = 0;
		};
/* End PBXShellScriptBuildPhase section */

/* Begin PBXSourcesBuildPhase section */
		1F6757AD1D83A7CD00DA6701 /* Sources */ = {
			isa = PBXSourcesBuildPhase;
			buildActionMask = 2147483647;
			files = (
				1F15140F1DAA080000F0CCF3 /* SenderInfo.swift in Sources */,
				C222F20F1DA0CA87008B019A /* LoginVC.swift in Sources */,
				1F6114331D86808100504735 /* MainVC.swift in Sources */,
				C2707A711DAA3C1D007C53BA /* ContactCell.swift in Sources */,
				1F690F521DA50C75002CA867 /* ChatCell.swift in Sources */,
				1F6757FE1D84169000DA6701 /* RoundButton.swift in Sources */,
				C2F03DA01D9E7B57009CF578 /* Item+CoreDataClass.swift in Sources */,
				1F6757B71D83A7CD00DA6701 /* CameraVC.swift in Sources */,
				1F1722F81DA87634000F55F9 /* ChatVC.swift in Sources */,
				1F2A87D31D8CFDD600DA90B4 /* DiscoverCell.swift in Sources */,
				1FD464511D9CA5CA00AF970A /* SendVC.swift in Sources */,
				1F1722FC1DA89517000F55F9 /* AddByUsernameVC.swift in Sources */,
				C2E3B2301D97C5EF00570A6B /* UserInfo.swift in Sources */,
				C222F2091DA0C86D008B019A /* DataService.swift in Sources */,
				1F1723061DA9566B000F55F9 /* AcceptRequestCell.swift in Sources */,
				1F1722FE1DA8A83A000F55F9 /* AddFriendsVC.swift in Sources */,
				1F6757B51D83A7CD00DA6701 /* AppDelegate.swift in Sources */,
				1FCA8B9D1D8E6EE2004E5F76 /* User.swift in Sources */,
				C222F2071DA0C867008B019A /* AuthService.swift in Sources */,
				C2EB3DEE1D9E2ACE00BEE0BC /* Model.xcdatamodeld in Sources */,
				1F61142F1D86374800504735 /* UsersVC.swift in Sources */,
				1F1514131DAB5E6000F0CCF3 /* FriendsVC.swift in Sources */,
				C2F03DA11D9E7B57009CF578 /* Item+CoreDataProperties.swift in Sources */,
				1F2A87D71D8D6BDC00DA90B4 /* WebVC.swift in Sources */,
				C2EB3DEB1D9E293500BEE0BC /* Memory.swift in Sources */,
				1FF928E91D892C0600DDD55D /* VerticalVC.swift in Sources */,
				C2F03DA31D9E7C11009CF578 /* CollectionViewCell.swift in Sources */,
				1F1723041DA949C7000F55F9 /* Util.swift in Sources */,
				1F6757FC1D840D6D00DA6701 /* RoundTextField.swift in Sources */,
				1F2A87D11D8AC24100DA90B4 /* EditVC.swift in Sources */,
				1FCA8BA91D8ED4DE004E5F76 /* csv.swift in Sources */,
				1F61143A1D86836100504735 /* StoryVC.swift in Sources */,
				C2F03DA51D9E89D1009CF578 /* AddVC.swift in Sources */,
				1F6114311D86385D00504735 /* UserCell.swift in Sources */,
				1F15140D1DA9E5F700F0CCF3 /* AddedMeVC.swift in Sources */,
				C222F20B1DA0C87E008B019A /* SignupVC.swift in Sources */,
				C27A22BC1DAA07A100B02938 /* AddByContactVC.swift in Sources */,
				1F1514191DAC563300F0CCF3 /* StoryCollectionCell.swift in Sources */,
				1FA4B3441D90252200089438 /* Webdiscover.swift in Sources */,
				1FBB3B381D898718004C688C /* UserInfoVC.swift in Sources */,
				1F1514151DAB688D00F0CCF3 /* FriendCell.swift in Sources */,
				1FBB3B3C1D898958004C688C /* DiscoverVC.swift in Sources */,
				1F1514171DAB820600F0CCF3 /* FriendInfo.swift in Sources */,
			);
			runOnlyForDeploymentPostprocessing = 0;
		};
/* End PBXSourcesBuildPhase section */

/* Begin PBXVariantGroup section */
		1F6757BD1D83A7CD00DA6701 /* LaunchScreen.storyboard */ = {
			isa = PBXVariantGroup;
			children = (
				1F6757BE1D83A7CD00DA6701 /* Base */,
			);
			name = LaunchScreen.storyboard;
			sourceTree = "<group>";
		};
/* End PBXVariantGroup section */

/* Begin XCBuildConfiguration section */
		1F6757C11D83A7CD00DA6701 /* Debug */ = {
			isa = XCBuildConfiguration;
			buildSettings = {
				ALWAYS_SEARCH_USER_PATHS = NO;
				CLANG_ANALYZER_NONNULL = YES;
				CLANG_CXX_LANGUAGE_STANDARD = "gnu++0x";
				CLANG_CXX_LIBRARY = "libc++";
				CLANG_ENABLE_MODULES = YES;
				CLANG_ENABLE_OBJC_ARC = YES;
				CLANG_WARN_BOOL_CONVERSION = YES;
				CLANG_WARN_CONSTANT_CONVERSION = YES;
				CLANG_WARN_DIRECT_OBJC_ISA_USAGE = YES_ERROR;
				CLANG_WARN_DOCUMENTATION_COMMENTS = YES;
				CLANG_WARN_EMPTY_BODY = YES;
				CLANG_WARN_ENUM_CONVERSION = YES;
				CLANG_WARN_INFINITE_RECURSION = YES;
				CLANG_WARN_INT_CONVERSION = YES;
				CLANG_WARN_OBJC_ROOT_CLASS = YES_ERROR;
				CLANG_WARN_SUSPICIOUS_MOVES = YES;
				CLANG_WARN_UNREACHABLE_CODE = YES;
				CLANG_WARN__DUPLICATE_METHOD_MATCH = YES;
				"CODE_SIGN_IDENTITY[sdk=iphoneos*]" = "iPhone Developer";
				COPY_PHASE_STRIP = NO;
				DEBUG_INFORMATION_FORMAT = dwarf;
				ENABLE_STRICT_OBJC_MSGSEND = YES;
				ENABLE_TESTABILITY = YES;
				GCC_C_LANGUAGE_STANDARD = gnu99;
				GCC_DYNAMIC_NO_PIC = NO;
				GCC_NO_COMMON_BLOCKS = YES;
				GCC_OPTIMIZATION_LEVEL = 0;
				GCC_PREPROCESSOR_DEFINITIONS = (
					"DEBUG=1",
					"$(inherited)",
				);
				GCC_WARN_64_TO_32_BIT_CONVERSION = YES;
				GCC_WARN_ABOUT_RETURN_TYPE = YES_ERROR;
				GCC_WARN_UNDECLARED_SELECTOR = YES;
				GCC_WARN_UNINITIALIZED_AUTOS = YES_AGGRESSIVE;
				GCC_WARN_UNUSED_FUNCTION = YES;
				GCC_WARN_UNUSED_VARIABLE = YES;
				IPHONEOS_DEPLOYMENT_TARGET = 10.0;
				MTL_ENABLE_DEBUG_INFO = YES;
				ONLY_ACTIVE_ARCH = YES;
				SDKROOT = iphoneos;
				SWIFT_ACTIVE_COMPILATION_CONDITIONS = DEBUG;
				SWIFT_OPTIMIZATION_LEVEL = "-Onone";
			};
			name = Debug;
		};
		1F6757C21D83A7CD00DA6701 /* Release */ = {
			isa = XCBuildConfiguration;
			buildSettings = {
				ALWAYS_SEARCH_USER_PATHS = NO;
				CLANG_ANALYZER_NONNULL = YES;
				CLANG_CXX_LANGUAGE_STANDARD = "gnu++0x";
				CLANG_CXX_LIBRARY = "libc++";
				CLANG_ENABLE_MODULES = YES;
				CLANG_ENABLE_OBJC_ARC = YES;
				CLANG_WARN_BOOL_CONVERSION = YES;
				CLANG_WARN_CONSTANT_CONVERSION = YES;
				CLANG_WARN_DIRECT_OBJC_ISA_USAGE = YES_ERROR;
				CLANG_WARN_DOCUMENTATION_COMMENTS = YES;
				CLANG_WARN_EMPTY_BODY = YES;
				CLANG_WARN_ENUM_CONVERSION = YES;
				CLANG_WARN_INFINITE_RECURSION = YES;
				CLANG_WARN_INT_CONVERSION = YES;
				CLANG_WARN_OBJC_ROOT_CLASS = YES_ERROR;
				CLANG_WARN_SUSPICIOUS_MOVES = YES;
				CLANG_WARN_UNREACHABLE_CODE = YES;
				CLANG_WARN__DUPLICATE_METHOD_MATCH = YES;
				"CODE_SIGN_IDENTITY[sdk=iphoneos*]" = "iPhone Developer";
				COPY_PHASE_STRIP = NO;
				DEBUG_INFORMATION_FORMAT = "dwarf-with-dsym";
				ENABLE_NS_ASSERTIONS = NO;
				ENABLE_STRICT_OBJC_MSGSEND = YES;
				GCC_C_LANGUAGE_STANDARD = gnu99;
				GCC_NO_COMMON_BLOCKS = YES;
				GCC_WARN_64_TO_32_BIT_CONVERSION = YES;
				GCC_WARN_ABOUT_RETURN_TYPE = YES_ERROR;
				GCC_WARN_UNDECLARED_SELECTOR = YES;
				GCC_WARN_UNINITIALIZED_AUTOS = YES_AGGRESSIVE;
				GCC_WARN_UNUSED_FUNCTION = YES;
				GCC_WARN_UNUSED_VARIABLE = YES;
				IPHONEOS_DEPLOYMENT_TARGET = 10.0;
				MTL_ENABLE_DEBUG_INFO = NO;
				SDKROOT = iphoneos;
				SWIFT_OPTIMIZATION_LEVEL = "-Owholemodule";
				VALIDATE_PRODUCT = YES;
			};
			name = Release;
		};
		1F6757C41D83A7CD00DA6701 /* Debug */ = {
			isa = XCBuildConfiguration;
			baseConfigurationReference = 0B70BADA4323BF8C9DA136B6 /* Pods-SocialChat.debug.xcconfig */;
			buildSettings = {
				ASSETCATALOG_COMPILER_APPICON_NAME = AppIcon;
				CLANG_ENABLE_MODULES = YES;
				DEVELOPMENT_TEAM = XRYH9M2JN7;
				INFOPLIST_FILE = SocialChat/Info.plist;
				IPHONEOS_DEPLOYMENT_TARGET = 10.0;
				LD_RUNPATH_SEARCH_PATHS = "$(inherited) @executable_path/Frameworks";
				PRODUCT_BUNDLE_IDENTIFIER = SMC.SocialChat;
				PRODUCT_NAME = "$(TARGET_NAME)";
				SWIFT_OPTIMIZATION_LEVEL = "-Onone";
				SWIFT_VERSION = 3.0;
			};
			name = Debug;
		};
		1F6757C51D83A7CD00DA6701 /* Release */ = {
			isa = XCBuildConfiguration;
			baseConfigurationReference = B5DCD28D5618FC931F667A30 /* Pods-SocialChat.release.xcconfig */;
			buildSettings = {
				ASSETCATALOG_COMPILER_APPICON_NAME = AppIcon;
				CLANG_ENABLE_MODULES = YES;
				DEVELOPMENT_TEAM = XRYH9M2JN7;
				INFOPLIST_FILE = SocialChat/Info.plist;
				IPHONEOS_DEPLOYMENT_TARGET = 10.0;
				LD_RUNPATH_SEARCH_PATHS = "$(inherited) @executable_path/Frameworks";
				PRODUCT_BUNDLE_IDENTIFIER = SMC.SocialChat;
				PRODUCT_NAME = "$(TARGET_NAME)";
				SWIFT_VERSION = 3.0;
			};
			name = Release;
		};
/* End XCBuildConfiguration section */

/* Begin XCConfigurationList section */
		1F6757AC1D83A7CD00DA6701 /* Build configuration list for PBXProject "SocialChat" */ = {
			isa = XCConfigurationList;
			buildConfigurations = (
				1F6757C11D83A7CD00DA6701 /* Debug */,
				1F6757C21D83A7CD00DA6701 /* Release */,
			);
			defaultConfigurationIsVisible = 0;
			defaultConfigurationName = Release;
		};
		1F6757C31D83A7CD00DA6701 /* Build configuration list for PBXNativeTarget "SocialChat" */ = {
			isa = XCConfigurationList;
			buildConfigurations = (
				1F6757C41D83A7CD00DA6701 /* Debug */,
				1F6757C51D83A7CD00DA6701 /* Release */,
			);
			defaultConfigurationIsVisible = 0;
			defaultConfigurationName = Release;
		};
/* End XCConfigurationList section */

/* Begin XCVersionGroup section */
		C2EB3DEC1D9E2ACE00BEE0BC /* Model.xcdatamodeld */ = {
			isa = XCVersionGroup;
			children = (
				C2EB3DED1D9E2ACE00BEE0BC /* Model.xcdatamodel */,
			);
			currentVersion = C2EB3DED1D9E2ACE00BEE0BC /* Model.xcdatamodel */;
			path = Model.xcdatamodeld;
			sourceTree = "<group>";
			versionGroupType = wrapper.xcdatamodel;
		};
/* End XCVersionGroup section */
	};
	rootObject = 1F6757A91D83A7CD00DA6701 /* Project object */;
}
